
Microsoft Visual Studio Solution File, Format Version 12.00
# Visual Studio Version 17
VisualStudioVersion = 17.7.34018.315
MinimumVisualStudioVersion = 10.0.40219.1
Project("{FAE04EC0-301F-11D3-BF4B-00C04F79EFBC}") = "ApplicationProgram-CapitalPlacementAssessment", "ApplicationProgram-CapitalPlacementAssessment\ApplicationProgram-CapitalPlacementAssessment.csproj", "{88817DC5-6670-47C0-9490-9E56E4BC6B36}"
EndProject
Project("{FAE04EC0-301F-11D3-BF4B-00C04F79EFBC}") = "ApplicationProgram-CapitalPlacementAssessment-Test", "ApplicationProgram-CapitalPlacementAssessment-Test\ApplicationProgram-CapitalPlacementAssessment-Test.csproj", "{D830A92F-2A12-441C-BC2A-68E1250A5DCA}"
EndProject
Global
	GlobalSection(SolutionConfigurationPlatforms) = preSolution
		Debug|Any CPU = Debug|Any CPU
		Release|Any CPU = Release|Any CPU
	EndGlobalSection
	GlobalSection(ProjectConfigurationPlatforms) = postSolution
		{88817DC5-6670-47C0-9490-9E56E4BC6B36}.Debug|Any CPU.ActiveCfg = Debug|Any CPU
		{88817DC5-6670-47C0-9490-9E56E4BC6B36}.Debug|Any CPU.Build.0 = Debug|Any CPU
		{88817DC5-6670-47C0-9490-9E56E4BC6B36}.Release|Any CPU.ActiveCfg = Release|Any CPU
		{88817DC5-6670-47C0-9490-9E56E4BC6B36}.Release|Any CPU.Build.0 = Release|Any CPU
		{D830A92F-2A12-441C-BC2A-68E1250A5DCA}.Debug|Any CPU.ActiveCfg = Debug|Any CPU
		{D830A92F-2A12-441C-BC2A-68E1250A5DCA}.Debug|Any CPU.Build.0 = Debug|Any CPU
		{D830A92F-2A12-441C-BC2A-68E1250A5DCA}.Release|Any CPU.ActiveCfg = Release|Any CPU
		{D830A92F-2A12-441C-BC2A-68E1250A5DCA}.Release|Any CPU.Build.0 = Release|Any CPU
	EndGlobalSection
	GlobalSection(SolutionProperties) = preSolution
		HideSolutionNode = FALSE
	EndGlobalSection
	GlobalSection(ExtensibilityGlobals) = postSolution
		SolutionGuid = {2AF452C6-550A-4349-B78A-A001CE6AC97E}
	EndGlobalSection
EndGlobal
